
Microsoft Visual Studio Solution File, Format Version 12.00
# Visual Studio Version 17
VisualStudioVersion = 17.1.32328.378
MinimumVisualStudioVersion = 10.0.40219.1
Project("{9A19103F-16F7-4668-BE54-9A1E7A4F7556}") = "Bai_3_StaticFile", "Bai_3_StaticFile\Bai_3_StaticFile.csproj", "{C8D135C7-C4D4-434D-BEC1-84E979CBCD4F}"
EndProject
Project("{9A19103F-16F7-4668-BE54-9A1E7A4F7556}") = "Bai_4_MVCWebApp", "Bai_4_MVCWebApp\Bai_4_MVCWebApp.csproj", "{796E8FE1-47EC-4897-9C5F-79E38B285AB1}"
EndProject
Project("{9A19103F-16F7-4668-BE54-9A1E7A4F7556}") = "Bai_5_MVCTemplate", "Bai_5_MVCTemplate\Bai_5_MVCTemplate.csproj", "{121A4A42-04B0-4761-858C-D736C219F391}"
EndProject
Project("{9A19103F-16F7-4668-BE54-9A1E7A4F7556}") = "EFCORE_DBFIRST_LIBRARY", "EFCORE_DBFIRST_LIBRARY\EFCORE_DBFIRST_LIBRARY.csproj", "{A381F5E8-19C7-491B-BB77-DB2C655C2127}"
EndProject
Project("{9A19103F-16F7-4668-BE54-9A1E7A4F7556}") = "EFCORE_CODEFIRST_LIBRARY", "EFCORE_CODEFIRST_LIBRARY\EFCORE_CODEFIRST_LIBRARY.csproj", "{27E8EE8C-28B2-4917-9665-DF8F7E6F1C28}"
EndProject
Project("{9A19103F-16F7-4668-BE54-9A1E7A4F7556}") = "Bai_1_EmptyWebApp_ASP_POLY", "Bai_1_EmptyWebApp_ASP_POLY\Bai_1_EmptyWebApp_ASP_POLY.csproj", "{1DCD4EC8-F69A-4D9F-B407-E96D53A568F5}"
EndProject
Project("{9A19103F-16F7-4668-BE54-9A1E7A4F7556}") = "Bai_2_RequestPipeline_MiddleWare", "Bai_2_RequestPipeline_MiddleWare\Bai_2_RequestPipeline_MiddleWare.csproj", "{5B1FEA55-5348-4648-87C8-DFE49B84914C}"
EndProject
Project("{9A19103F-16F7-4668-BE54-9A1E7A4F7556}") = "Bai_6_Controller_Actions_Routing", "Bai_6_Controller_Actions_Routing\Bai_6_Controller_Actions_Routing.csproj", "{C97CE018-94F7-46F2-8496-5C6E43646F45}"
EndProject
Project("{9A19103F-16F7-4668-BE54-9A1E7A4F7556}") = "EF_CACH_GOI_TANG_DAL", "EF_CACH_GOI_TANG_DAL\EF_CACH_GOI_TANG_DAL.csproj", "{83A40692-7E31-4146-908C-62BCF1061E32}"
EndProject
Project("{9A19103F-16F7-4668-BE54-9A1E7A4F7556}") = "EFCORE_CODEFIRST_FLUENT_API", "EFCORE_CODEFIRST_FLUENT_API\EFCORE_CODEFIRST_FLUENT_API.csproj", "{3E74F9AC-6675-458B-A885-3E83D09376B6}"
EndProject
Project("{9A19103F-16F7-4668-BE54-9A1E7A4F7556}") = "Bai_7_Actions", "Bai_7_Actions\Bai_7_Actions.csproj", "{B30BB1B3-52A2-42E6-B6C8-6FD4F9B14CBC}"
EndProject
Project("{9A19103F-16F7-4668-BE54-9A1E7A4F7556}") = "Bai_8_View", "Bai_8_View\Bai_8_View.csproj", "{765730AB-DFB7-40AD-9E99-DC28B3660C10}"
EndProject
Project("{9A19103F-16F7-4668-BE54-9A1E7A4F7556}") = "Bai_9_CachTaoView", "Bai_9_CachTaoView\Bai_9_CachTaoView.csproj", "{D17A5E35-D8F6-4574-AAE9-1D89395831E1}"
EndProject
Project("{FAE04EC0-301F-11D3-BF4B-00C04F79EFBC}") = "Bai_10_TagHelper", "Bai_10_TagHelper\Bai_10_TagHelper.csproj", "{BED55D96-3F00-49D7-B2AB-E9096D61B5B4}"
EndProject
Project("{FAE04EC0-301F-11D3-BF4B-00C04F79EFBC}") = "BAI_11_ShoppingCart", "BAI_11_ShoppingCart\BAI_11_ShoppingCart.csproj", "{83DA7D6E-7986-45B0-9762-DAD48A067E0E}"
EndProject
Global
	GlobalSection(SolutionConfigurationPlatforms) = preSolution
		Debug|Any CPU = Debug|Any CPU
		Release|Any CPU = Release|Any CPU
	EndGlobalSection
	GlobalSection(ProjectConfigurationPlatforms) = postSolution
		{C8D135C7-C4D4-434D-BEC1-84E979CBCD4F}.Debug|Any CPU.ActiveCfg = Debug|Any CPU
		{C8D135C7-C4D4-434D-BEC1-84E979CBCD4F}.Debug|Any CPU.Build.0 = Debug|Any CPU
		{C8D135C7-C4D4-434D-BEC1-84E979CBCD4F}.Release|Any CPU.ActiveCfg = Release|Any CPU
		{C8D135C7-C4D4-434D-BEC1-84E979CBCD4F}.Release|Any CPU.Build.0 = Release|Any CPU
		{796E8FE1-47EC-4897-9C5F-79E38B285AB1}.Debug|Any CPU.ActiveCfg = Debug|Any CPU
		{796E8FE1-47EC-4897-9C5F-79E38B285AB1}.Debug|Any CPU.Build.0 = Debug|Any CPU
		{796E8FE1-47EC-4897-9C5F-79E38B285AB1}.Release|Any CPU.ActiveCfg = Release|Any CPU
		{796E8FE1-47EC-4897-9C5F-79E38B285AB1}.Release|Any CPU.Build.0 = Release|Any CPU
		{121A4A42-04B0-4761-858C-D736C219F391}.Debug|Any CPU.ActiveCfg = Debug|Any CPU
		{121A4A42-04B0-4761-858C-D736C219F391}.Debug|Any CPU.Build.0 = Debug|Any CPU
		{121A4A42-04B0-4761-858C-D736C219F391}.Release|Any CPU.ActiveCfg = Release|Any CPU
		{121A4A42-04B0-4761-858C-D736C219F391}.Release|Any CPU.Build.0 = Release|Any CPU
		{A381F5E8-19C7-491B-BB77-DB2C655C2127}.Debug|Any CPU.ActiveCfg = Debug|Any CPU
		{A381F5E8-19C7-491B-BB77-DB2C655C2127}.Debug|Any CPU.Build.0 = Debug|Any CPU
		{A381F5E8-19C7-491B-BB77-DB2C655C2127}.Release|Any CPU.ActiveCfg = Release|Any CPU
		{A381F5E8-19C7-491B-BB77-DB2C655C2127}.Release|Any CPU.Build.0 = Release|Any CPU
		{27E8EE8C-28B2-4917-9665-DF8F7E6F1C28}.Debug|Any CPU.ActiveCfg = Debug|Any CPU
		{27E8EE8C-28B2-4917-9665-DF8F7E6F1C28}.Debug|Any CPU.Build.0 = Debug|Any CPU
		{27E8EE8C-28B2-4917-9665-DF8F7E6F1C28}.Release|Any CPU.ActiveCfg = Release|Any CPU
		{27E8EE8C-28B2-4917-9665-DF8F7E6F1C28}.Release|Any CPU.Build.0 = Release|Any CPU
		{1DCD4EC8-F69A-4D9F-B407-E96D53A568F5}.Debug|Any CPU.ActiveCfg = Debug|Any CPU
		{1DCD4EC8-F69A-4D9F-B407-E96D53A568F5}.Debug|Any CPU.Build.0 = Debug|Any CPU
		{1DCD4EC8-F69A-4D9F-B407-E96D53A568F5}.Release|Any CPU.ActiveCfg = Release|Any CPU
		{1DCD4EC8-F69A-4D9F-B407-E96D53A568F5}.Release|Any CPU.Build.0 = Release|Any CPU
		{5B1FEA55-5348-4648-87C8-DFE49B84914C}.Debug|Any CPU.ActiveCfg = Debug|Any CPU
		{5B1FEA55-5348-4648-87C8-DFE49B84914C}.Debug|Any CPU.Build.0 = Debug|Any CPU
		{5B1FEA55-5348-4648-87C8-DFE49B84914C}.Release|Any CPU.ActiveCfg = Release|Any CPU
		{5B1FEA55-5348-4648-87C8-DFE49B84914C}.Release|Any CPU.Build.0 = Release|Any CPU
		{C97CE018-94F7-46F2-8496-5C6E43646F45}.Debug|Any CPU.ActiveCfg = Debug|Any CPU
		{C97CE018-94F7-46F2-8496-5C6E43646F45}.Debug|Any CPU.Build.0 = Debug|Any CPU
		{C97CE018-94F7-46F2-8496-5C6E43646F45}.Release|Any CPU.ActiveCfg = Release|Any CPU
		{C97CE018-94F7-46F2-8496-5C6E43646F45}.Release|Any CPU.Build.0 = Release|Any CPU
		{83A40692-7E31-4146-908C-62BCF1061E32}.Debug|Any CPU.ActiveCfg = Debug|Any CPU
		{83A40692-7E31-4146-908C-62BCF1061E32}.Debug|Any CPU.Build.0 = Debug|Any CPU
		{83A40692-7E31-4146-908C-62BCF1061E32}.Release|Any CPU.ActiveCfg = Release|Any CPU
		{83A40692-7E31-4146-908C-62BCF1061E32}.Release|Any CPU.Build.0 = Release|Any CPU
		{3E74F9AC-6675-458B-A885-3E83D09376B6}.Debug|Any CPU.ActiveCfg = Debug|Any CPU
		{3E74F9AC-6675-458B-A885-3E83D09376B6}.Debug|Any CPU.Build.0 = Debug|Any CPU
		{3E74F9AC-6675-458B-A885-3E83D09376B6}.Release|Any CPU.ActiveCfg = Release|Any CPU
		{3E74F9AC-6675-458B-A885-3E83D09376B6}.Release|Any CPU.Build.0 = Release|Any CPU
		{B30BB1B3-52A2-42E6-B6C8-6FD4F9B14CBC}.Debug|Any CPU.ActiveCfg = Debug|Any CPU
		{B30BB1B3-52A2-42E6-B6C8-6FD4F9B14CBC}.Debug|Any CPU.Build.0 = Debug|Any CPU
		{B30BB1B3-52A2-42E6-B6C8-6FD4F9B14CBC}.Release|Any CPU.ActiveCfg = Release|Any CPU
		{B30BB1B3-52A2-42E6-B6C8-6FD4F9B14CBC}.Release|Any CPU.Build.0 = Release|Any CPU
		{765730AB-DFB7-40AD-9E99-DC28B3660C10}.Debug|Any CPU.ActiveCfg = Debug|Any CPU
		{765730AB-DFB7-40AD-9E99-DC28B3660C10}.Debug|Any CPU.Build.0 = Debug|Any CPU
		{765730AB-DFB7-40AD-9E99-DC28B3660C10}.Release|Any CPU.ActiveCfg = Release|Any CPU
		{765730AB-DFB7-40AD-9E99-DC28B3660C10}.Release|Any CPU.Build.0 = Release|Any CPU
		{D17A5E35-D8F6-4574-AAE9-1D89395831E1}.Debug|Any CPU.ActiveCfg = Debug|Any CPU
		{D17A5E35-D8F6-4574-AAE9-1D89395831E1}.Debug|Any CPU.Build.0 = Debug|Any CPU
		{D17A5E35-D8F6-4574-AAE9-1D89395831E1}.Release|Any CPU.ActiveCfg = Release|Any CPU
		{D17A5E35-D8F6-4574-AAE9-1D89395831E1}.Release|Any CPU.Build.0 = Release|Any CPU
		{BED55D96-3F00-49D7-B2AB-E9096D61B5B4}.Debug|Any CPU.ActiveCfg = Debug|Any CPU
		{BED55D96-3F00-49D7-B2AB-E9096D61B5B4}.Debug|Any CPU.Build.0 = Debug|Any CPU
		{BED55D96-3F00-49D7-B2AB-E9096D61B5B4}.Release|Any CPU.ActiveCfg = Release|Any CPU
		{BED55D96-3F00-49D7-B2AB-E9096D61B5B4}.Release|Any CPU.Build.0 = Release|Any CPU
		{83DA7D6E-7986-45B0-9762-DAD48A067E0E}.Debug|Any CPU.ActiveCfg = Debug|Any CPU
		{83DA7D6E-7986-45B0-9762-DAD48A067E0E}.Debug|Any CPU.Build.0 = Debug|Any CPU
		{83DA7D6E-7986-45B0-9762-DAD48A067E0E}.Release|Any CPU.ActiveCfg = Release|Any CPU
		{83DA7D6E-7986-45B0-9762-DAD48A067E0E}.Release|Any CPU.Build.0 = Release|Any CPU
	EndGlobalSection
	GlobalSection(SolutionProperties) = preSolution
		HideSolutionNode = FALSE
	EndGlobalSection
	GlobalSection(ExtensibilityGlobals) = postSolution
		SolutionGuid = {ABFE4290-DBA5-41AC-A8A2-1A470A356D42}
	EndGlobalSection
EndGlobal
